// !$*UTF8*$!
{
	archiveVersion = 1;
	classes = {
	};
	objectVersion = 46;
	objects = {

/* Begin PBXBuildFile section */
		081C289817EE6A28003A90F9 /* time_machine_bgr.png in Resources */ = {isa = PBXBuildFile; fileRef = 081C289717EE6A28003A90F9 /* time_machine_bgr.png */; };
		081C289C17EE7227003A90F9 /* time_machine_76.png in Resources */ = {isa = PBXBuildFile; fileRef = 081C289917EE7227003A90F9 /* time_machine_76.png */; };
		081C289D17EE7227003A90F9 /* time_machine_120.png in Resources */ = {isa = PBXBuildFile; fileRef = 081C289A17EE7227003A90F9 /* time_machine_120.png */; };
		081C289E17EE7227003A90F9 /* time_machine_152.png in Resources */ = {isa = PBXBuildFile; fileRef = 081C289B17EE7227003A90F9 /* time_machine_152.png */; };
		08324C7817D6D2AB00ED4CD2 /* Instructions.png in Resources */ = {isa = PBXBuildFile; fileRef = 08324C7717D6D2AB00ED4CD2 /* Instructions.png */; };
		0838AEF9179F4EF80005C015 /* OverlayView.m in Sources */ = {isa = PBXBuildFile; fileRef = 0838AEF8179F4EF80005C015 /* OverlayView.m */; };
		0838AEFB179F4FFD0005C015 /* Default-568h@2x.png in Resources */ = {isa = PBXBuildFile; fileRef = 0838AEFA179F4FFD0005C015 /* Default-568h@2x.png */; };
		083CD3CF17A40D9300AA00EC /* time_machine.png in Resources */ = {isa = PBXBuildFile; fileRef = 083CD3CE17A40D9300AA00EC /* time_machine.png */; };
		085091631C0405A800EFB30A /* Camera_iPad.png in Resources */ = {isa = PBXBuildFile; fileRef = 085091621C0405A800EFB30A /* Camera_iPad.png */; };
		085091651C0405C000EFB30A /* Instructions_iPad.png in Resources */ = {isa = PBXBuildFile; fileRef = 085091641C0405C000EFB30A /* Instructions_iPad.png */; };
		085091671C04088F00EFB30A /* Gallery_iPad.png in Resources */ = {isa = PBXBuildFile; fileRef = 085091661C04088F00EFB30A /* Gallery_iPad.png */; };
		0850916F1C040B0000EFB30A /* Camera_iPad.png in Resources */ = {isa = PBXBuildFile; fileRef = 0850916E1C040B0000EFB30A /* Camera_iPad.png */; };
		0866B7FD17E4B1A3009FA58D /* NowAndThen_CoverUpdate.png in Resources */ = {isa = PBXBuildFile; fileRef = 0866B7FC17E4B1A3009FA58D /* NowAndThen_CoverUpdate.png */; };
		088007251819398F0063FBC7 /* CoreLocation.framework in Frameworks */ = {isa = PBXBuildFile; fileRef = 088007241819398F0063FBC7 /* CoreLocation.framework */; };
		089D44C31BFBCA4E00A5806E /* JPSCameraButton.m in Sources */ = {isa = PBXBuildFile; fileRef = 089D44BB1BFBCA4E00A5806E /* JPSCameraButton.m */; };
		089D44C41BFBCA4E00A5806E /* JPSImagePickerController.bundle in Resources */ = {isa = PBXBuildFile; fileRef = 089D44BC1BFBCA4E00A5806E /* JPSImagePickerController.bundle */; };
		089D44C51BFBCA4E00A5806E /* JPSImagePickerController.m in Sources */ = {isa = PBXBuildFile; fileRef = 089D44BE1BFBCA4E00A5806E /* JPSImagePickerController.m */; };
		089D44C61BFBCA4E00A5806E /* JPSVolumeButtonHandler.m in Sources */ = {isa = PBXBuildFile; fileRef = 089D44C01BFBCA4E00A5806E /* JPSVolumeButtonHandler.m */; };
		089D44C71BFBCA4E00A5806E /* UIImage+DrawBlock.m in Sources */ = {isa = PBXBuildFile; fileRef = 089D44C21BFBCA4E00A5806E /* UIImage+DrawBlock.m */; };
		089D44C91BFBD15100A5806E /* AVFoundation.framework in Frameworks */ = {isa = PBXBuildFile; fileRef = 089D44C81BFBD15100A5806E /* AVFoundation.framework */; };
		089D44CB1BFBD1BF00A5806E /* MediaPlayer.framework in Frameworks */ = {isa = PBXBuildFile; fileRef = 089D44CA1BFBD1BF00A5806E /* MediaPlayer.framework */; };
		089D44CD1BFBD62600A5806E /* CoreMotion.framework in Frameworks */ = {isa = PBXBuildFile; fileRef = 089D44CC1BFBD62600A5806E /* CoreMotion.framework */; };
		08A1814517A2036100E65D0A /* Gallery.png in Resources */ = {isa = PBXBuildFile; fileRef = 08A1814417A2036100E65D0A /* Gallery.png */; };
		08B65B5717EE1C490026755B /* SecondTitleView.m in Sources */ = {isa = PBXBuildFile; fileRef = 08B65B5617EE1C490026755B /* SecondTitleView.m */; };
		08B65B5917EE1E610026755B /* NowAndThen_Cover.png in Resources */ = {isa = PBXBuildFile; fileRef = 08B65B5817EE1E610026755B /* NowAndThen_Cover.png */; };
		1D3623260D0F684500981E51 /* NowAndThenPMDelegate.m in Sources */ = {isa = PBXBuildFile; fileRef = 1D3623250D0F684500981E51 /* NowAndThenPMDelegate.m */; };
		1D60589B0D05DD56006BFB54 /* main.m in Sources */ = {isa = PBXBuildFile; fileRef = 29B97316FDCFA39411CA2CEA /* main.m */; };
		1D60589F0D05DD5A006BFB54 /* Foundation.framework in Frameworks */ = {isa = PBXBuildFile; fileRef = 1D30AB110D05D00D00671497 /* Foundation.framework */; };
		1DF5F4E00D08C38300B7A737 /* UIKit.framework in Frameworks */ = {isa = PBXBuildFile; fileRef = 1DF5F4DF0D08C38300B7A737 /* UIKit.framework */; };
		288765A50DF7441C002DB57D /* CoreGraphics.framework in Frameworks */ = {isa = PBXBuildFile; fileRef = 288765A40DF7441C002DB57D /* CoreGraphics.framework */; };
		28D7ACF80DDB3853001CB0EB /* NowAndThenPMViewController.m in Sources */ = {isa = PBXBuildFile; fileRef = 28D7ACF70DDB3853001CB0EB /* NowAndThenPMViewController.m */; };
		5259454F109BB32800279F2E /* MessageUI.framework in Frameworks */ = {isa = PBXBuildFile; fileRef = 5259454E109BB32800279F2E /* MessageUI.framework */; settings = {ATTRIBUTES = (Required, ); }; };
		52704E9E11376A3000BEF866 /* Camera.png in Resources */ = {isa = PBXBuildFile; fileRef = 52704E9D11376A3000BEF866 /* Camera.png */; };
		52B5EF9B0FF5C228004325BC /* AudioToolbox.framework in Frameworks */ = {isa = PBXBuildFile; fileRef = 52B5EF9A0FF5C228004325BC /* AudioToolbox.framework */; };
		52E16F19106E44A300EADDF5 /* QuartzCore.framework in Frameworks */ = {isa = PBXBuildFile; fileRef = 52E16F18106E44A300EADDF5 /* QuartzCore.framework */; };
		52E6B40110964E0400788E04 /* CFNetwork.framework in Frameworks */ = {isa = PBXBuildFile; fileRef = 52E6B40010964E0400788E04 /* CFNetwork.framework */; };
		52E6B42610964E2300788E04 /* SystemConfiguration.framework in Frameworks */ = {isa = PBXBuildFile; fileRef = 52E6B42510964E2300788E04 /* SystemConfiguration.framework */; };
/* End PBXBuildFile section */

/* Begin PBXFileReference section */
		081C289717EE6A28003A90F9 /* time_machine_bgr.png */ = {isa = PBXFileReference; lastKnownFileType = image.png; path = time_machine_bgr.png; sourceTree = "<group>"; };
		081C289917EE7227003A90F9 /* time_machine_76.png */ = {isa = PBXFileReference; lastKnownFileType = image.png; path = time_machine_76.png; sourceTree = "<group>"; };
		081C289A17EE7227003A90F9 /* time_machine_120.png */ = {isa = PBXFileReference; lastKnownFileType = image.png; path = time_machine_120.png; sourceTree = "<group>"; };
		081C289B17EE7227003A90F9 /* time_machine_152.png */ = {isa = PBXFileReference; lastKnownFileType = image.png; path = time_machine_152.png; sourceTree = "<group>"; };
		08324C7717D6D2AB00ED4CD2 /* Instructions.png */ = {isa = PBXFileReference; lastKnownFileType = image.png; path = Instructions.png; sourceTree = "<group>"; };
		0838AEF7179F4EF80005C015 /* OverlayView.h */ = {isa = PBXFileReference; fileEncoding = 4; lastKnownFileType = sourcecode.c.h; path = OverlayView.h; sourceTree = "<group>"; };
		0838AEF8179F4EF80005C015 /* OverlayView.m */ = {isa = PBXFileReference; fileEncoding = 4; lastKnownFileType = sourcecode.c.objc; path = OverlayView.m; sourceTree = "<group>"; };
		0838AEFA179F4FFD0005C015 /* Default-568h@2x.png */ = {isa = PBXFileReference; lastKnownFileType = image.png; path = "Default-568h@2x.png"; sourceTree = "<group>"; };
		083CD3CE17A40D9300AA00EC /* time_machine.png */ = {isa = PBXFileReference; lastKnownFileType = image.png; path = time_machine.png; sourceTree = "<group>"; };
		085091621C0405A800EFB30A /* Camera_iPad.png */ = {isa = PBXFileReference; lastKnownFileType = image.png; path = Camera_iPad.png; sourceTree = "<group>"; };
		085091641C0405C000EFB30A /* Instructions_iPad.png */ = {isa = PBXFileReference; lastKnownFileType = image.png; path = Instructions_iPad.png; sourceTree = "<group>"; };
		085091661C04088F00EFB30A /* Gallery_iPad.png */ = {isa = PBXFileReference; lastKnownFileType = image.png; path = Gallery_iPad.png; sourceTree = "<group>"; };
		0850916E1C040B0000EFB30A /* Camera_iPad.png */ = {isa = PBXFileReference; lastKnownFileType = image.png; path = Camera_iPad.png; sourceTree = "<group>"; };
		0866B7FC17E4B1A3009FA58D /* NowAndThen_CoverUpdate.png */ = {isa = PBXFileReference; lastKnownFileType = image.png; path = NowAndThen_CoverUpdate.png; sourceTree = "<group>"; };
		088007241819398F0063FBC7 /* CoreLocation.framework */ = {isa = PBXFileReference; lastKnownFileType = wrapper.framework; name = CoreLocation.framework; path = System/Library/Frameworks/CoreLocation.framework; sourceTree = SDKROOT; };
		089D44BA1BFBCA4E00A5806E /* JPSCameraButton.h */ = {isa = PBXFileReference; fileEncoding = 4; lastKnownFileType = sourcecode.c.h; path = JPSCameraButton.h; sourceTree = "<group>"; };
		089D44BB1BFBCA4E00A5806E /* JPSCameraButton.m */ = {isa = PBXFileReference; fileEncoding = 4; lastKnownFileType = sourcecode.c.objc; path = JPSCameraButton.m; sourceTree = "<group>"; };
		089D44BC1BFBCA4E00A5806E /* JPSImagePickerController.bundle */ = {isa = PBXFileReference; lastKnownFileType = "wrapper.plug-in"; path = JPSImagePickerController.bundle; sourceTree = "<group>"; };
		089D44BD1BFBCA4E00A5806E /* JPSImagePickerController.h */ = {isa = PBXFileReference; fileEncoding = 4; lastKnownFileType = sourcecode.c.h; path = JPSImagePickerController.h; sourceTree = "<group>"; };
		089D44BE1BFBCA4E00A5806E /* JPSImagePickerController.m */ = {isa = PBXFileReference; fileEncoding = 4; lastKnownFileType = sourcecode.c.objc; path = JPSImagePickerController.m; sourceTree = "<group>"; };
		089D44BF1BFBCA4E00A5806E /* JPSVolumeButtonHandler.h */ = {isa = PBXFileReference; fileEncoding = 4; lastKnownFileType = sourcecode.c.h; path = JPSVolumeButtonHandler.h; sourceTree = "<group>"; };
		089D44C01BFBCA4E00A5806E /* JPSVolumeButtonHandler.m */ = {isa = PBXFileReference; fileEncoding = 4; lastKnownFileType = sourcecode.c.objc; path = JPSVolumeButtonHandler.m; sourceTree = "<group>"; };
		089D44C11BFBCA4E00A5806E /* UIImage+DrawBlock.h */ = {isa = PBXFileReference; fileEncoding = 4; lastKnownFileType = sourcecode.c.h; path = "UIImage+DrawBlock.h"; sourceTree = "<group>"; };
		089D44C21BFBCA4E00A5806E /* UIImage+DrawBlock.m */ = {isa = PBXFileReference; fileEncoding = 4; lastKnownFileType = sourcecode.c.objc; path = "UIImage+DrawBlock.m"; sourceTree = "<group>"; };
		089D44C81BFBD15100A5806E /* AVFoundation.framework */ = {isa = PBXFileReference; lastKnownFileType = wrapper.framework; name = AVFoundation.framework; path = System/Library/Frameworks/AVFoundation.framework; sourceTree = SDKROOT; };
		089D44CA1BFBD1BF00A5806E /* MediaPlayer.framework */ = {isa = PBXFileReference; lastKnownFileType = wrapper.framework; name = MediaPlayer.framework; path = System/Library/Frameworks/MediaPlayer.framework; sourceTree = SDKROOT; };
		089D44CC1BFBD62600A5806E /* CoreMotion.framework */ = {isa = PBXFileReference; lastKnownFileType = wrapper.framework; name = CoreMotion.framework; path = System/Library/Frameworks/CoreMotion.framework; sourceTree = SDKROOT; };
		08A1814417A2036100E65D0A /* Gallery.png */ = {isa = PBXFileReference; lastKnownFileType = image.png; path = Gallery.png; sourceTree = "<group>"; };
		08B65B5517EE1C490026755B /* SecondTitleView.h */ = {isa = PBXFileReference; fileEncoding = 4; lastKnownFileType = sourcecode.c.h; path = SecondTitleView.h; sourceTree = "<group>"; };
		08B65B5617EE1C490026755B /* SecondTitleView.m */ = {isa = PBXFileReference; fileEncoding = 4; lastKnownFileType = sourcecode.c.objc; path = SecondTitleView.m; sourceTree = "<group>"; };
		08B65B5817EE1E610026755B /* NowAndThen_Cover.png */ = {isa = PBXFileReference; lastKnownFileType = image.png; path = NowAndThen_Cover.png; sourceTree = "<group>"; };
		1D30AB110D05D00D00671497 /* Foundation.framework */ = {isa = PBXFileReference; lastKnownFileType = wrapper.framework; name = Foundation.framework; path = System/Library/Frameworks/Foundation.framework; sourceTree = SDKROOT; };
		1D3623240D0F684500981E51 /* NowAndThenPMDelegate.h */ = {isa = PBXFileReference; fileEncoding = 4; lastKnownFileType = sourcecode.c.h; path = NowAndThenPMDelegate.h; sourceTree = "<group>"; };
		1D3623250D0F684500981E51 /* NowAndThenPMDelegate.m */ = {isa = PBXFileReference; fileEncoding = 4; lastKnownFileType = sourcecode.c.objc; path = NowAndThenPMDelegate.m; sourceTree = "<group>"; };
		1D6058910D05DD3D006BFB54 /* NowAndThen.app */ = {isa = PBXFileReference; explicitFileType = wrapper.application; includeInIndex = 0; path = NowAndThen.app; sourceTree = BUILT_PRODUCTS_DIR; };
		1DF5F4DF0D08C38300B7A737 /* UIKit.framework */ = {isa = PBXFileReference; lastKnownFileType = wrapper.framework; name = UIKit.framework; path = System/Library/Frameworks/UIKit.framework; sourceTree = SDKROOT; };
		288765A40DF7441C002DB57D /* CoreGraphics.framework */ = {isa = PBXFileReference; lastKnownFileType = wrapper.framework; name = CoreGraphics.framework; path = System/Library/Frameworks/CoreGraphics.framework; sourceTree = SDKROOT; };
		28D7ACF60DDB3853001CB0EB /* NowAndThenPMViewController.h */ = {isa = PBXFileReference; fileEncoding = 4; lastKnownFileType = sourcecode.c.h; path = NowAndThenPMViewController.h; sourceTree = "<group>"; };
		28D7ACF70DDB3853001CB0EB /* NowAndThenPMViewController.m */ = {isa = PBXFileReference; fileEncoding = 4; lastKnownFileType = sourcecode.c.objc; path = NowAndThenPMViewController.m; sourceTree = "<group>"; };
		29B97316FDCFA39411CA2CEA /* main.m */ = {isa = PBXFileReference; fileEncoding = 4; lastKnownFileType = sourcecode.c.objc; path = main.m; sourceTree = "<group>"; };
		32CA4F630368D1EE00C91783 /* test_app_Prefix.pch */ = {isa = PBXFileReference; fileEncoding = 4; lastKnownFileType = sourcecode.c.h; path = test_app_Prefix.pch; sourceTree = "<group>"; };
		5259454E109BB32800279F2E /* MessageUI.framework */ = {isa = PBXFileReference; lastKnownFileType = wrapper.framework; name = MessageUI.framework; path = System/Library/Frameworks/MessageUI.framework; sourceTree = SDKROOT; };
		52704E9D11376A3000BEF866 /* Camera.png */ = {isa = PBXFileReference; lastKnownFileType = image.png; path = Camera.png; sourceTree = "<group>"; };
		52B5EF9A0FF5C228004325BC /* AudioToolbox.framework */ = {isa = PBXFileReference; lastKnownFileType = wrapper.framework; name = AudioToolbox.framework; path = System/Library/Frameworks/AudioToolbox.framework; sourceTree = SDKROOT; };
		52E16F18106E44A300EADDF5 /* QuartzCore.framework */ = {isa = PBXFileReference; lastKnownFileType = wrapper.framework; name = QuartzCore.framework; path = System/Library/Frameworks/QuartzCore.framework; sourceTree = SDKROOT; };
		52E6B40010964E0400788E04 /* CFNetwork.framework */ = {isa = PBXFileReference; lastKnownFileType = wrapper.framework; name = CFNetwork.framework; path = System/Library/Frameworks/CFNetwork.framework; sourceTree = SDKROOT; };
		52E6B42510964E2300788E04 /* SystemConfiguration.framework */ = {isa = PBXFileReference; lastKnownFileType = wrapper.framework; name = SystemConfiguration.framework; path = System/Library/Frameworks/SystemConfiguration.framework; sourceTree = SDKROOT; };
		8D1107310486CEB800E47090 /* test_app-Info.plist */ = {isa = PBXFileReference; fileEncoding = 4; lastKnownFileType = text.plist.xml; path = "test_app-Info.plist"; plistStructureDefinitionIdentifier = "com.apple.xcode.plist.structure-definition.iphone.info-plist"; sourceTree = "<group>"; };
/* End PBXFileReference section */

/* Begin PBXFrameworksBuildPhase section */
		1D60588F0D05DD3D006BFB54 /* Frameworks */ = {
			isa = PBXFrameworksBuildPhase;
			buildActionMask = 2147483647;
			files = (
				089D44CD1BFBD62600A5806E /* CoreMotion.framework in Frameworks */,
				089D44CB1BFBD1BF00A5806E /* MediaPlayer.framework in Frameworks */,
				089D44C91BFBD15100A5806E /* AVFoundation.framework in Frameworks */,
				088007251819398F0063FBC7 /* CoreLocation.framework in Frameworks */,
				1D60589F0D05DD5A006BFB54 /* Foundation.framework in Frameworks */,
				1DF5F4E00D08C38300B7A737 /* UIKit.framework in Frameworks */,
				288765A50DF7441C002DB57D /* CoreGraphics.framework in Frameworks */,
				52B5EF9B0FF5C228004325BC /* AudioToolbox.framework in Frameworks */,
				52E16F19106E44A300EADDF5 /* QuartzCore.framework in Frameworks */,
				52E6B40110964E0400788E04 /* CFNetwork.framework in Frameworks */,
				52E6B42610964E2300788E04 /* SystemConfiguration.framework in Frameworks */,
				5259454F109BB32800279F2E /* MessageUI.framework in Frameworks */,
			);
			runOnlyForDeploymentPostprocessing = 0;
		};
/* End PBXFrameworksBuildPhase section */

/* Begin PBXGroup section */
		080E96DDFE201D6D7F000001 /* Classes */ = {
			isa = PBXGroup;
			children = (
				089D44B91BFBCA4E00A5806E /* JPSImagePickerController */,
				1D3623240D0F684500981E51 /* NowAndThenPMDelegate.h */,
				1D3623250D0F684500981E51 /* NowAndThenPMDelegate.m */,
				28D7ACF60DDB3853001CB0EB /* NowAndThenPMViewController.h */,
				28D7ACF70DDB3853001CB0EB /* NowAndThenPMViewController.m */,
				0838AEF7179F4EF80005C015 /* OverlayView.h */,
				0838AEF8179F4EF80005C015 /* OverlayView.m */,
			);
			path = Classes;
			sourceTree = "<group>";
		};
		089D44B91BFBCA4E00A5806E /* JPSImagePickerController */ = {
			isa = PBXGroup;
			children = (
				089D44BA1BFBCA4E00A5806E /* JPSCameraButton.h */,
				089D44BB1BFBCA4E00A5806E /* JPSCameraButton.m */,
				089D44BC1BFBCA4E00A5806E /* JPSImagePickerController.bundle */,
				089D44BD1BFBCA4E00A5806E /* JPSImagePickerController.h */,
				089D44BE1BFBCA4E00A5806E /* JPSImagePickerController.m */,
				089D44C01BFBCA4E00A5806E /* JPSVolumeButtonHandler.m */,
				089D44C11BFBCA4E00A5806E /* UIImage+DrawBlock.h */,
				089D44C21BFBCA4E00A5806E /* UIImage+DrawBlock.m */,
				089D44BF1BFBCA4E00A5806E /* JPSVolumeButtonHandler.h */,
			);
			path = JPSImagePickerController;
			sourceTree = SOURCE_ROOT;
		};
		19C28FACFE9D520D11CA2CBB /* Products */ = {
			isa = PBXGroup;
			children = (
				1D6058910D05DD3D006BFB54 /* NowAndThen.app */,
			);
			name = Products;
			sourceTree = "<group>";
		};
		29B97314FDCFA39411CA2CEA /* CustomTemplate */ = {
			isa = PBXGroup;
			children = (
				081C289917EE7227003A90F9 /* time_machine_76.png */,
				088007241819398F0063FBC7 /* CoreLocation.framework */,
				081C289A17EE7227003A90F9 /* time_machine_120.png */,
				081C289B17EE7227003A90F9 /* time_machine_152.png */,
				083CD3CE17A40D9300AA00EC /* time_machine.png */,
				081C289717EE6A28003A90F9 /* time_machine_bgr.png */,
				08B65B5517EE1C490026755B /* SecondTitleView.h */,
				08B65B5617EE1C490026755B /* SecondTitleView.m */,
				0838AEFA179F4FFD0005C015 /* Default-568h@2x.png */,
				080E96DDFE201D6D7F000001 /* Classes */,
				29B97315FDCFA39411CA2CEA /* Other Sources */,
				29B97317FDCFA39411CA2CEA /* Resources */,
				29B97323FDCFA39411CA2CEA /* Frameworks */,
				19C28FACFE9D520D11CA2CBB /* Products */,
				52E6B42510964E2300788E04 /* SystemConfiguration.framework */,
			);
			name = CustomTemplate;
			sourceTree = "<group>";
		};
		29B97315FDCFA39411CA2CEA /* Other Sources */ = {
			isa = PBXGroup;
			children = (
				32CA4F630368D1EE00C91783 /* test_app_Prefix.pch */,
				29B97316FDCFA39411CA2CEA /* main.m */,
			);
			name = "Other Sources";
			sourceTree = "<group>";
		};
		29B97317FDCFA39411CA2CEA /* Resources */ = {
			isa = PBXGroup;
			children = (
				0850916E1C040B0000EFB30A /* Camera_iPad.png */,
				085091661C04088F00EFB30A /* Gallery_iPad.png */,
				085091641C0405C000EFB30A /* Instructions_iPad.png */,
				085091621C0405A800EFB30A /* Camera_iPad.png */,
				08B65B5817EE1E610026755B /* NowAndThen_Cover.png */,
				0866B7FC17E4B1A3009FA58D /* NowAndThen_CoverUpdate.png */,
				08324C7717D6D2AB00ED4CD2 /* Instructions.png */,
				08A1814417A2036100E65D0A /* Gallery.png */,
				52704E9D11376A3000BEF866 /* Camera.png */,
				8D1107310486CEB800E47090 /* test_app-Info.plist */,
			);
			name = Resources;
			sourceTree = "<group>";
		};
		29B97323FDCFA39411CA2CEA /* Frameworks */ = {
			isa = PBXGroup;
			children = (
				089D44CC1BFBD62600A5806E /* CoreMotion.framework */,
				089D44CA1BFBD1BF00A5806E /* MediaPlayer.framework */,
				089D44C81BFBD15100A5806E /* AVFoundation.framework */,
				5259454E109BB32800279F2E /* MessageUI.framework */,
				52E16F18106E44A300EADDF5 /* QuartzCore.framework */,
				52E6B40010964E0400788E04 /* CFNetwork.framework */,
				52B5EF9A0FF5C228004325BC /* AudioToolbox.framework */,
				1DF5F4DF0D08C38300B7A737 /* UIKit.framework */,
				1D30AB110D05D00D00671497 /* Foundation.framework */,
				288765A40DF7441C002DB57D /* CoreGraphics.framework */,
			);
			name = Frameworks;
			sourceTree = "<group>";
		};
/* End PBXGroup section */

/* Begin PBXNativeTarget section */
		1D6058900D05DD3D006BFB54 /* NowAndThen */ = {
			isa = PBXNativeTarget;
			buildConfigurationList = 1D6058960D05DD3E006BFB54 /* Build configuration list for PBXNativeTarget "NowAndThen" */;
			buildPhases = (
				1D60588D0D05DD3D006BFB54 /* Resources */,
				1D60588E0D05DD3D006BFB54 /* Sources */,
				1D60588F0D05DD3D006BFB54 /* Frameworks */,
			);
			buildRules = (
			);
			dependencies = (
			);
			name = NowAndThen;
			productName = "test-app";
			productReference = 1D6058910D05DD3D006BFB54 /* NowAndThen.app */;
			productType = "com.apple.product-type.application";
		};
/* End PBXNativeTarget section */

/* Begin PBXProject section */
		29B97313FDCFA39411CA2CEA /* Project object */ = {
			isa = PBXProject;
			attributes = {
				LastUpgradeCheck = 0700;
				TargetAttributes = {
					1D6058900D05DD3D006BFB54 = {
						DevelopmentTeam = 224435V6R8;
					};
				};
			};
			buildConfigurationList = C01FCF4E08A954540054247B /* Build configuration list for PBXProject "NowAndThen" */;
			compatibilityVersion = "Xcode 3.2";
			developmentRegion = English;
			hasScannedForEncodings = 1;
			knownRegions = (
				en,
			);
			mainGroup = 29B97314FDCFA39411CA2CEA /* CustomTemplate */;
			projectDirPath = "";
			projectRoot = "";
			targets = (
				1D6058900D05DD3D006BFB54 /* NowAndThen */,
			);
		};
/* End PBXProject section */

/* Begin PBXResourcesBuildPhase section */
		1D60588D0D05DD3D006BFB54 /* Resources */ = {
			isa = PBXResourcesBuildPhase;
			buildActionMask = 2147483647;
			files = (
				52704E9E11376A3000BEF866 /* Camera.png in Resources */,
				0838AEFB179F4FFD0005C015 /* Default-568h@2x.png in Resources */,
				085091671C04088F00EFB30A /* Gallery_iPad.png in Resources */,
				08A1814517A2036100E65D0A /* Gallery.png in Resources */,
				089D44C41BFBCA4E00A5806E /* JPSImagePickerController.bundle in Resources */,
				083CD3CF17A40D9300AA00EC /* time_machine.png in Resources */,
				08324C7817D6D2AB00ED4CD2 /* Instructions.png in Resources */,
				085091631C0405A800EFB30A /* Camera_iPad.png in Resources */,
				0866B7FD17E4B1A3009FA58D /* NowAndThen_CoverUpdate.png in Resources */,
				0850916F1C040B0000EFB30A /* Camera_iPad.png in Resources */,
				08B65B5917EE1E610026755B /* NowAndThen_Cover.png in Resources */,
				081C289817EE6A28003A90F9 /* time_machine_bgr.png in Resources */,
				081C289C17EE7227003A90F9 /* time_machine_76.png in Resources */,
				081C289D17EE7227003A90F9 /* time_machine_120.png in Resources */,
				085091651C0405C000EFB30A /* Instructions_iPad.png in Resources */,
				081C289E17EE7227003A90F9 /* time_machine_152.png in Resources */,
			);
			runOnlyForDeploymentPostprocessing = 0;
		};
/* End PBXResourcesBuildPhase section */

/* Begin PBXSourcesBuildPhase section */
		1D60588E0D05DD3D006BFB54 /* Sources */ = {
			isa = PBXSourcesBuildPhase;
			buildActionMask = 2147483647;
			files = (
				1D60589B0D05DD56006BFB54 /* main.m in Sources */,
				1D3623260D0F684500981E51 /* NowAndThenPMDelegate.m in Sources */,
				28D7ACF80DDB3853001CB0EB /* NowAndThenPMViewController.m in Sources */,
				089D44C71BFBCA4E00A5806E /* UIImage+DrawBlock.m in Sources */,
				0838AEF9179F4EF80005C015 /* OverlayView.m in Sources */,
				08B65B5717EE1C490026755B /* SecondTitleView.m in Sources */,
				089D44C61BFBCA4E00A5806E /* JPSVolumeButtonHandler.m in Sources */,
				089D44C51BFBCA4E00A5806E /* JPSImagePickerController.m in Sources */,
				089D44C31BFBCA4E00A5806E /* JPSCameraButton.m in Sources */,
			);
			runOnlyForDeploymentPostprocessing = 0;
		};
/* End PBXSourcesBuildPhase section */

/* Begin XCBuildConfiguration section */
		1D6058940D05DD3E006BFB54 /* Debug */ = {
			isa = XCBuildConfiguration;
			buildSettings = {
				ALWAYS_SEARCH_USER_PATHS = NO;
				CLANG_ENABLE_OBJC_ARC = YES;
				CODE_SIGN_IDENTITY = "iPhone Developer";
				"CODE_SIGN_IDENTITY[sdk=iphoneos*]" = "iPhone Developer";
				"CODE_SIGN_IDENTITY[sdk=iphonesimulator*]" = "";
				COPY_PHASE_STRIP = NO;
				ENABLE_BITCODE = NO;
				FRAMEWORK_SEARCH_PATHS = "$(inherited)";
				GCC_DYNAMIC_NO_PIC = NO;
				GCC_OPTIMIZATION_LEVEL = 0;
				GCC_PRECOMPILE_PREFIX_HEADER = YES;
				GCC_PREFIX_HEADER = test_app_Prefix.pch;
				INFOPLIST_FILE = "test_app-Info.plist";
				IPHONEOS_DEPLOYMENT_TARGET = 7.0;
				PRODUCT_BUNDLE_IDENTIFIER = DAH7.1;
				PRODUCT_NAME = NowAndThen;
				PROVISIONING_PROFILE = "";
				RUN_CLANG_STATIC_ANALYZER = YES;
				TARGETED_DEVICE_FAMILY = "1,2";
			};
			name = Debug;
		};
		1D6058950D05DD3E006BFB54 /* Release */ = {
			isa = XCBuildConfiguration;
			buildSettings = {
				ALWAYS_SEARCH_USER_PATHS = NO;
				CLANG_ENABLE_OBJC_ARC = YES;
				CODE_SIGN_IDENTITY = "iPhone Developer";
				"CODE_SIGN_IDENTITY[sdk=iphoneos*]" = "iPhone Developer";
				COPY_PHASE_STRIP = YES;
				ENABLE_BITCODE = NO;
				FRAMEWORK_SEARCH_PATHS = "$(inherited)";
				GCC_PRECOMPILE_PREFIX_HEADER = YES;
				GCC_PREFIX_HEADER = test_app_Prefix.pch;
				INFOPLIST_FILE = "test_app-Info.plist";
				IPHONEOS_DEPLOYMENT_TARGET = 7.0;
				ONLY_ACTIVE_ARCH = YES;
				PRODUCT_BUNDLE_IDENTIFIER = DAH7.1;
				PRODUCT_NAME = NowAndThen;
				PROVISIONING_PROFILE = "";
				TARGETED_DEVICE_FAMILY = "1,2";
			};
			name = Release;
		};
		C01FCF4F08A954540054247B /* Debug */ = {
			isa = XCBuildConfiguration;
			buildSettings = {
				CODE_SIGN_IDENTITY = "iPhone Developer";
				"CODE_SIGN_IDENTITY[sdk=iphoneos6.1]" = "iPhone Developer";
				ENABLE_TESTABILITY = YES;
				GCC_C_LANGUAGE_STANDARD = c99;
				GCC_WARN_ABOUT_RETURN_TYPE = YES;
				GCC_WARN_UNUSED_VARIABLE = YES;
				ONLY_ACTIVE_ARCH = YES;
				PROVISIONING_PROFILE = "";
				"PROVISIONING_PROFILE[sdk=iphoneos6.1]" = "";
				SDKROOT = iphoneos;
				TARGETED_DEVICE_FAMILY = 2;
			};
			name = Debug;
		};
		C01FCF5008A954540054247B /* Release */ = {
			isa = XCBuildConfiguration;
			buildSettings = {
				CODE_SIGN_IDENTITY = "iPhone Developer";
				"CODE_SIGN_IDENTITY[sdk=iphoneos6.1]" = "iPhone Developer";
				GCC_C_LANGUAGE_STANDARD = c99;
				GCC_WARN_ABOUT_RETURN_TYPE = YES;
				GCC_WARN_UNUSED_VARIABLE = YES;
				PROVISIONING_PROFILE = "";
				"PROVISIONING_PROFILE[sdk=iphoneos6.1]" = "";
				SDKROOT = iphoneos;
				TARGETED_DEVICE_FAMILY = 2;
			};
			name = Release;
		};
/* End XCBuildConfiguration section */

/* Begin XCConfigurationList section */
		1D6058960D05DD3E006BFB54 /* Build configuration list for PBXNativeTarget "NowAndThen" */ = {
			isa = XCConfigurationList;
			buildConfigurations = (
				1D6058940D05DD3E006BFB54 /* Debug */,
				1D6058950D05DD3E006BFB54 /* Release */,
			);
			defaultConfigurationIsVisible = 0;
			defaultConfigurationName = Release;
		};
		C01FCF4E08A954540054247B /* Build configuration list for PBXProject "NowAndThen" */ = {
			isa = XCConfigurationList;
			buildConfigurations = (
				C01FCF4F08A954540054247B /* Debug */,
				C01FCF5008A954540054247B /* Release */,
			);
			defaultConfigurationIsVisible = 0;
			defaultConfigurationName = Release;
		};
/* End XCConfigurationList section */
	};
	rootObject = 29B97313FDCFA39411CA2CEA /* Project object */;
}
